{
  "name": "@acbr/cep",
  "version": "1.0.0",
  "lockfileVersion": 3,
  "requires": true,
  "packages": {
    "": {
      "name": "@acbr/cep",
      "version": "1.0.0",
      "license": "MIT",
      "dependencies": {
        "@acbr/cep-addon": "file:../acbr-cep-addon"
      }
    },
    "../acbr-cep-addon": {
      "name": "@acbr/cep-addon",
      "version": "1.0.0",
      "hasInstallScript": true,
      "license": "MIT",
      "dependencies": {
        "node-addon-api": "^8.0.0",
        "prebuild-install": "^7.1.1"
      },
      "devDependencies": {
        "prebuild": "^12.1.0"
      },
      "engines": {
        "node": ">=20.0.0"
      }
    },
    "node_modules/@acbr/cep-addon": {
      "resolved": "../acbr-cep-addon",
      "link": true
    },
    "packages/acbr-cep-addon": {
      "name": "@acbr/cep-addon",
      "version": "1.0.0",
      "extraneous": true,
      "hasInstallScript": true,
      "license": "MIT",
      "dependencies": {
        "node-addon-api": "^8.0.0",
        "prebuild-install": "^7.1.1"
      },
      "devDependencies": {
        "prebuild": "^12.1.0"
      },
      "engines": {
        "node": ">=20.0.0"
      }
    },
    "packages/acbr-cep-test-api": {
      "name": "@acbr/cep-test-api",
      "version": "1.0.0",
      "extraneous": true,
      "license": "MIT",
      "dependencies": {
        "@acbr/cep-addon": "^1.0.0"
      },
      "engines": {
        "node": ">=20.0.0"
      }
    }
  }
}
